{
  "nodes": {
    "cachix": {
      "inputs": {
        "devenv": [
          "rgoulter-ch32",
          "devenv"
        ],
        "flake-compat": [
          "rgoulter-ch32",
          "devenv"
        ],
        "git-hooks": [
          "rgoulter-ch32",
          "devenv"
        ],
        "nixpkgs": "nixpkgs_2"
      },
      "locked": {
        "lastModified": 1742042642,
        "owner": "cachix",
        "repo": "cachix",
        "rev": "a624d3eaf4b1d225f918de8543ed739f2f574203",
        "type": "github"
      },
      "original": {
        "owner": "cachix",
        "ref": "latest",
        "repo": "cachix",
        "type": "github"
      }
    },
    "devenv": {
      "locked": {
        "dir": "src/modules",
        "lastModified": 1743025451,
        "owner": "cachix",
        "repo": "devenv",
        "rev": "686aaf88c9c095fc49dadc620d1a814830c78206",
        "type": "github"
      },
      "original": {
        "dir": "src/modules",
        "owner": "cachix",
        "repo": "devenv",
        "type": "github"
      }
    },
    "devenv-root": {
      "flake": false,
      "locked": {
        "narHash": "sha256-d6xi4mKdjkX2JFicDIv5niSzpyI0m/Hnm8GGAIU04kY=",
        "type": "file",
        "url": "file:///dev/null"
      },
      "original": {
        "type": "file",
        "url": "file:///dev/null"
      }
    },
    "devenv_2": {
      "inputs": {
        "cachix": "cachix",
        "flake-compat": "flake-compat_2",
        "git-hooks": "git-hooks",
        "nix": "nix",
        "nixpkgs": [
          "rgoulter-ch32",
          "nixpkgs"
        ]
      },
      "locked": {
        "lastModified": 1743025451,
        "owner": "cachix",
        "repo": "devenv",
        "rev": "686aaf88c9c095fc49dadc620d1a814830c78206",
        "type": "github"
      },
      "original": {
        "owner": "cachix",
        "repo": "devenv",
        "type": "github"
      }
    },
    "flake-compat": {
      "flake": false,
      "locked": {
        "lastModified": 1733328505,
        "owner": "edolstra",
        "repo": "flake-compat",
        "rev": "ff81ac966bb2cae68946d5ed5fc4994f96d0ffec",
        "type": "github"
      },
      "original": {
        "owner": "edolstra",
        "repo": "flake-compat",
        "type": "github"
      }
    },
    "flake-compat_2": {
      "flake": false,
      "locked": {
        "lastModified": 1733328505,
        "owner": "edolstra",
        "repo": "flake-compat",
        "rev": "ff81ac966bb2cae68946d5ed5fc4994f96d0ffec",
        "type": "github"
      },
      "original": {
        "owner": "edolstra",
        "repo": "flake-compat",
        "type": "github"
      }
    },
    "flake-parts": {
      "inputs": {
        "nixpkgs-lib": [
          "rgoulter-ch32",
          "devenv",
          "nix",
          "nixpkgs"
        ]
      },
      "locked": {
        "lastModified": 1741352980,
        "owner": "hercules-ci",
        "repo": "flake-parts",
        "rev": "f4330d22f1c5d2ba72d3d22df5597d123fdb60a9",
        "type": "github"
      },
      "original": {
        "owner": "hercules-ci",
        "repo": "flake-parts",
        "type": "github"
      }
    },
    "flake-parts_2": {
      "inputs": {
        "nixpkgs-lib": "nixpkgs-lib"
      },
      "locked": {
        "lastModified": 1741352980,
        "owner": "hercules-ci",
        "repo": "flake-parts",
        "rev": "f4330d22f1c5d2ba72d3d22df5597d123fdb60a9",
        "type": "github"
      },
      "original": {
        "owner": "hercules-ci",
        "repo": "flake-parts",
        "type": "github"
      }
    },
    "git-hooks": {
      "inputs": {
        "flake-compat": [
          "rgoulter-ch32",
          "devenv"
        ],
        "gitignore": "gitignore_2",
        "nixpkgs": [
          "rgoulter-ch32",
          "devenv",
          "nixpkgs"
        ]
      },
      "locked": {
        "lastModified": 1737465171,
        "owner": "cachix",
        "repo": "git-hooks.nix",
        "rev": "9364dc02281ce2d37a1f55b6e51f7c0f65a75f17",
        "type": "github"
      },
      "original": {
        "owner": "cachix",
        "repo": "git-hooks.nix",
        "type": "github"
      }
    },
    "gitignore": {
      "inputs": {
        "nixpkgs": [
          "pre-commit-hooks",
          "nixpkgs"
        ]
      },
      "locked": {
        "lastModified": 1709087332,
        "owner": "hercules-ci",
        "repo": "gitignore.nix",
        "rev": "637db329424fd7e46cf4185293b9cc8c88c95394",
        "type": "github"
      },
      "original": {
        "owner": "hercules-ci",
        "repo": "gitignore.nix",
        "type": "github"
      }
    },
    "gitignore_2": {
      "inputs": {
        "nixpkgs": [
          "rgoulter-ch32",
          "devenv",
          "git-hooks",
          "nixpkgs"
        ]
      },
      "locked": {
        "lastModified": 1709087332,
        "owner": "hercules-ci",
        "repo": "gitignore.nix",
        "rev": "637db329424fd7e46cf4185293b9cc8c88c95394",
        "type": "github"
      },
      "original": {
        "owner": "hercules-ci",
        "repo": "gitignore.nix",
        "type": "github"
      }
    },
    "libgit2": {
      "flake": false,
      "locked": {
        "lastModified": 1740952128,
        "owner": "libgit2",
        "repo": "libgit2",
        "rev": "21a351b0ed207d0871cb23e09c027d1ee42eae98",
        "type": "github"
      },
      "original": {
        "owner": "libgit2",
        "repo": "libgit2",
        "type": "github"
      }
    },
    "nix": {
      "inputs": {
        "flake-compat": [
          "rgoulter-ch32",
          "devenv"
        ],
        "flake-parts": "flake-parts",
        "libgit2": "libgit2",
        "nixpkgs": "nixpkgs_3",
        "nixpkgs-23-11": [
          "rgoulter-ch32",
          "devenv"
        ],
        "nixpkgs-regression": [
          "rgoulter-ch32",
          "devenv"
        ],
        "pre-commit-hooks": [
          "rgoulter-ch32",
          "devenv"
        ]
      },
      "locked": {
        "lastModified": 1741798497,
        "owner": "domenkozar",
        "repo": "nix",
        "rev": "f3f44b2baaf6c4c6e179de8cbb1cc6db031083cd",
        "type": "github"
      },
      "original": {
        "owner": "domenkozar",
        "ref": "devenv-2.24",
        "repo": "nix",
        "type": "github"
      }
    },
    "nixpkgs": {
      "locked": {
        "lastModified": 1733477122,
        "owner": "cachix",
        "repo": "devenv-nixpkgs",
        "rev": "7bd9e84d0452f6d2e63b6e6da29fe73fac951857",
        "type": "github"
      },
      "original": {
        "owner": "cachix",
        "ref": "rolling",
        "repo": "devenv-nixpkgs",
        "type": "github"
      }
    },
    "nixpkgs-lib": {
      "locked": {
        "lastModified": 1742692082,
        "owner": "nix-community",
        "repo": "nixpkgs.lib",
        "rev": "a09310bc940f245e51b1ffea68731244ca38f2bd",
        "type": "github"
      },
      "original": {
        "owner": "nix-community",
        "repo": "nixpkgs.lib",
        "type": "github"
      }
    },
    "nixpkgs_2": {
      "locked": {
        "lastModified": 1743095683,
        "owner": "NixOS",
        "repo": "nixpkgs",
        "rev": "5e5402ecbcb27af32284d4a62553c019a3a49ea6",
        "type": "github"
      },
      "original": {
        "owner": "NixOS",
        "ref": "nixos-unstable",
        "repo": "nixpkgs",
        "type": "github"
      }
    },
    "nixpkgs_3": {
      "locked": {
        "lastModified": 1735651292,
        "owner": "NixOS",
        "repo": "nixpkgs",
        "rev": "0da3c44a9460a26d2025ec3ed2ec60a895eb1114",
        "type": "github"
      },
      "original": {
        "owner": "NixOS",
        "ref": "release-24.05",
        "repo": "nixpkgs",
        "type": "github"
      }
    },
    "nixpkgs_4": {
      "locked": {
        "lastModified": 1743076231,
        "owner": "NixOS",
        "repo": "nixpkgs",
        "rev": "6c5963357f3c1c840201eda129a99d455074db04",
        "type": "github"
      },
      "original": {
        "owner": "NixOS",
        "ref": "nixpkgs-unstable",
        "repo": "nixpkgs",
        "type": "github"
      }
    },
    "pre-commit-hooks": {
      "inputs": {
        "flake-compat": "flake-compat",
        "gitignore": "gitignore",
        "nixpkgs": [
          "nixpkgs"
        ]
      },
      "locked": {
        "lastModified": 1742649964,
        "owner": "cachix",
        "repo": "pre-commit-hooks.nix",
        "rev": "dcf5072734cb576d2b0c59b2ac44f5050b5eac82",
        "type": "github"
      },
      "original": {
        "owner": "cachix",
        "repo": "pre-commit-hooks.nix",
        "type": "github"
      }
    },
    "rgoulter-ch32": {
      "inputs": {
        "devenv": "devenv_2",
        "devenv-root": "devenv-root",
        "flake-parts": "flake-parts_2",
        "nixpkgs": "nixpkgs_4",
        "systems": "systems",
        "treefmt-nix": "treefmt-nix"
      },
      "locked": {
        "lastModified": 1743238686,
        "owner": "rgoulter",
        "repo": "ch32",
        "rev": "815e52514df565351c411825d2135a83a3e6c1c3",
        "type": "github"
      },
      "original": {
        "owner": "rgoulter",
        "repo": "ch32",
        "type": "github"
      }
    },
    "root": {
      "inputs": {
        "devenv": "devenv",
        "nixpkgs": "nixpkgs",
        "pre-commit-hooks": "pre-commit-hooks",
        "rgoulter-ch32": "rgoulter-ch32"
      }
    },
    "systems": {
      "locked": {
        "lastModified": 1681028828,
        "owner": "nix-systems",
        "repo": "default",
        "rev": "da67096a3b9bf56a91d16901293e51ba5b49a27e",
        "type": "github"
      },
      "original": {
        "owner": "nix-systems",
        "repo": "default",
        "type": "github"
      }
    },
    "treefmt-nix": {
      "inputs": {
        "nixpkgs": [
          "rgoulter-ch32",
          "nixpkgs"
        ]
      },
      "locked": {
        "lastModified": 1743081648,
        "owner": "numtide",
        "repo": "treefmt-nix",
        "rev": "29a3d7b768c70addce17af0869f6e2bd8f5be4b7",
        "type": "github"
      },
      "original": {
        "owner": "numtide",
        "repo": "treefmt-nix",
        "type": "github"
      }
    }
  },
  "root": "root",
  "version": 7
}
